
Microsoft Visual Studio Solution File, Format Version 12.00
# Visual Studio Version 16
VisualStudioVersion = 16.0.30523.141
MinimumVisualStudioVersion = 10.0.40219.1
Project("{FAE04EC0-301F-11D3-BF4B-00C04F79EFBC}") = "WebAPI", "WebAPI\WebAPI.csproj", "{A0108689-748C-4325-BB00-E8D7454AC390}"
EndProject
Project("{FAE04EC0-301F-11D3-BF4B-00C04F79EFBC}") = "ZalhanPaula_Lab12.Android", "ZalhanPaula_Lab12\ZalhanPaula_Lab12.Android\ZalhanPaula_Lab12.Android.csproj", "{6A89FA6A-F11B-4308-9C3F-676B1C832917}"
EndProject
Project("{FAE04EC0-301F-11D3-BF4B-00C04F79EFBC}") = "ZalhanPaula_Lab12.iOS", "ZalhanPaula_Lab12\ZalhanPaula_Lab12.iOS\ZalhanPaula_Lab12.iOS.csproj", "{F53D3BA7-A03F-4052-9A51-EF62A694CD6D}"
EndProject
Project("{FAE04EC0-301F-11D3-BF4B-00C04F79EFBC}") = "ZalhanPaula_Lab12", "ZalhanPaula_Lab12\ZalhanPaula_Lab12\ZalhanPaula_Lab12.csproj", "{1F0A5946-2329-4034-8BCF-42967C4507C0}"
EndProject
Global
	GlobalSection(SolutionConfigurationPlatforms) = preSolution
		Debug|Any CPU = Debug|Any CPU
		Debug|iPhone = Debug|iPhone
		Debug|iPhoneSimulator = Debug|iPhoneSimulator
		Release|Any CPU = Release|Any CPU
		Release|iPhone = Release|iPhone
		Release|iPhoneSimulator = Release|iPhoneSimulator
	EndGlobalSection
	GlobalSection(ProjectConfigurationPlatforms) = postSolution
		{A0108689-748C-4325-BB00-E8D7454AC390}.Debug|Any CPU.ActiveCfg = Debug|Any CPU
		{A0108689-748C-4325-BB00-E8D7454AC390}.Debug|Any CPU.Build.0 = Debug|Any CPU
		{A0108689-748C-4325-BB00-E8D7454AC390}.Debug|iPhone.ActiveCfg = Debug|Any CPU
		{A0108689-748C-4325-BB00-E8D7454AC390}.Debug|iPhone.Build.0 = Debug|Any CPU
		{A0108689-748C-4325-BB00-E8D7454AC390}.Debug|iPhoneSimulator.ActiveCfg = Debug|Any CPU
		{A0108689-748C-4325-BB00-E8D7454AC390}.Debug|iPhoneSimulator.Build.0 = Debug|Any CPU
		{A0108689-748C-4325-BB00-E8D7454AC390}.Release|Any CPU.ActiveCfg = Release|Any CPU
		{A0108689-748C-4325-BB00-E8D7454AC390}.Release|Any CPU.Build.0 = Release|Any CPU
		{A0108689-748C-4325-BB00-E8D7454AC390}.Release|iPhone.ActiveCfg = Release|Any CPU
		{A0108689-748C-4325-BB00-E8D7454AC390}.Release|iPhone.Build.0 = Release|Any CPU
		{A0108689-748C-4325-BB00-E8D7454AC390}.Release|iPhoneSimulator.ActiveCfg = Release|Any CPU
		{A0108689-748C-4325-BB00-E8D7454AC390}.Release|iPhoneSimulator.Build.0 = Release|Any CPU
		{6A89FA6A-F11B-4308-9C3F-676B1C832917}.Debug|Any CPU.ActiveCfg = Debug|Any CPU
		{6A89FA6A-F11B-4308-9C3F-676B1C832917}.Debug|Any CPU.Build.0 = Debug|Any CPU
		{6A89FA6A-F11B-4308-9C3F-676B1C832917}.Debug|Any CPU.Deploy.0 = Debug|Any CPU
		{6A89FA6A-F11B-4308-9C3F-676B1C832917}.Debug|iPhone.ActiveCfg = Debug|Any CPU
		{6A89FA6A-F11B-4308-9C3F-676B1C832917}.Debug|iPhone.Build.0 = Debug|Any CPU
		{6A89FA6A-F11B-4308-9C3F-676B1C832917}.Debug|iPhone.Deploy.0 = Debug|Any CPU
		{6A89FA6A-F11B-4308-9C3F-676B1C832917}.Debug|iPhoneSimulator.ActiveCfg = Debug|Any CPU
		{6A89FA6A-F11B-4308-9C3F-676B1C832917}.Debug|iPhoneSimulator.Build.0 = Debug|Any CPU
		{6A89FA6A-F11B-4308-9C3F-676B1C832917}.Debug|iPhoneSimulator.Deploy.0 = Debug|Any CPU
		{6A89FA6A-F11B-4308-9C3F-676B1C832917}.Release|Any CPU.ActiveCfg = Release|Any CPU
		{6A89FA6A-F11B-4308-9C3F-676B1C832917}.Release|Any CPU.Build.0 = Release|Any CPU
		{6A89FA6A-F11B-4308-9C3F-676B1C832917}.Release|Any CPU.Deploy.0 = Release|Any CPU
		{6A89FA6A-F11B-4308-9C3F-676B1C832917}.Release|iPhone.ActiveCfg = Release|Any CPU
		{6A89FA6A-F11B-4308-9C3F-676B1C832917}.Release|iPhone.Build.0 = Release|Any CPU
		{6A89FA6A-F11B-4308-9C3F-676B1C832917}.Release|iPhone.Deploy.0 = Release|Any CPU
		{6A89FA6A-F11B-4308-9C3F-676B1C832917}.Release|iPhoneSimulator.ActiveCfg = Release|Any CPU
		{6A89FA6A-F11B-4308-9C3F-676B1C832917}.Release|iPhoneSimulator.Build.0 = Release|Any CPU
		{6A89FA6A-F11B-4308-9C3F-676B1C832917}.Release|iPhoneSimulator.Deploy.0 = Release|Any CPU
		{F53D3BA7-A03F-4052-9A51-EF62A694CD6D}.Debug|Any CPU.ActiveCfg = Debug|iPhoneSimulator
		{F53D3BA7-A03F-4052-9A51-EF62A694CD6D}.Debug|iPhone.ActiveCfg = Debug|iPhone
		{F53D3BA7-A03F-4052-9A51-EF62A694CD6D}.Debug|iPhone.Build.0 = Debug|iPhone
		{F53D3BA7-A03F-4052-9A51-EF62A694CD6D}.Debug|iPhoneSimulator.ActiveCfg = Debug|iPhoneSimulator
		{F53D3BA7-A03F-4052-9A51-EF62A694CD6D}.Debug|iPhoneSimulator.Build.0 = Debug|iPhoneSimulator
		{F53D3BA7-A03F-4052-9A51-EF62A694CD6D}.Release|Any CPU.ActiveCfg = Release|iPhoneSimulator
		{F53D3BA7-A03F-4052-9A51-EF62A694CD6D}.Release|iPhone.ActiveCfg = Release|iPhone
		{F53D3BA7-A03F-4052-9A51-EF62A694CD6D}.Release|iPhone.Build.0 = Release|iPhone
		{F53D3BA7-A03F-4052-9A51-EF62A694CD6D}.Release|iPhoneSimulator.ActiveCfg = Release|iPhoneSimulator
		{F53D3BA7-A03F-4052-9A51-EF62A694CD6D}.Release|iPhoneSimulator.Build.0 = Release|iPhoneSimulator
		{1F0A5946-2329-4034-8BCF-42967C4507C0}.Debug|Any CPU.ActiveCfg = Debug|Any CPU
		{1F0A5946-2329-4034-8BCF-42967C4507C0}.Debug|Any CPU.Build.0 = Debug|Any CPU
		{1F0A5946-2329-4034-8BCF-42967C4507C0}.Debug|iPhone.ActiveCfg = Debug|Any CPU
		{1F0A5946-2329-4034-8BCF-42967C4507C0}.Debug|iPhone.Build.0 = Debug|Any CPU
		{1F0A5946-2329-4034-8BCF-42967C4507C0}.Debug|iPhoneSimulator.ActiveCfg = Debug|Any CPU
		{1F0A5946-2329-4034-8BCF-42967C4507C0}.Debug|iPhoneSimulator.Build.0 = Debug|Any CPU
		{1F0A5946-2329-4034-8BCF-42967C4507C0}.Release|Any CPU.ActiveCfg = Release|Any CPU
		{1F0A5946-2329-4034-8BCF-42967C4507C0}.Release|Any CPU.Build.0 = Release|Any CPU
		{1F0A5946-2329-4034-8BCF-42967C4507C0}.Release|iPhone.ActiveCfg = Release|Any CPU
		{1F0A5946-2329-4034-8BCF-42967C4507C0}.Release|iPhone.Build.0 = Release|Any CPU
		{1F0A5946-2329-4034-8BCF-42967C4507C0}.Release|iPhoneSimulator.ActiveCfg = Release|Any CPU
		{1F0A5946-2329-4034-8BCF-42967C4507C0}.Release|iPhoneSimulator.Build.0 = Release|Any CPU
	EndGlobalSection
	GlobalSection(SolutionProperties) = preSolution
		HideSolutionNode = FALSE
	EndGlobalSection
	GlobalSection(ExtensibilityGlobals) = postSolution
		SolutionGuid = {05C30CCD-AB95-4FF2-BBB1-B89897F729DE}
	EndGlobalSection
EndGlobal
